
Microsoft Visual Studio Solution File, Format Version 12.00
# Visual Studio Version 17
VisualStudioVersion = 17.2.32630.192
MinimumVisualStudioVersion = 10.0.40219.1
Project("{9A19103F-16F7-4668-BE54-9A1E7A4F7556}") = "Rubjerg.Graphviz", "Rubjerg.Graphviz\Rubjerg.Graphviz.csproj", "{66D83B79-08D5-4590-90E3-8F6CDF108D5E}"
	ProjectSection(ProjectDependencies) = postProject
		{F9BC5523-352D-469F-8DBB-97ECA9D70648} = {F9BC5523-352D-469F-8DBB-97ECA9D70648}
	EndProjectSection
EndProject
Project("{8BC9CEB8-8B4A-11D0-8D11-00A0C91BC942}") = "GraphvizWrapper", "GraphvizWrapper\GraphvizWrapper.vcxproj", "{F9BC5523-352D-469F-8DBB-97ECA9D70648}"
EndProject
Project("{9A19103F-16F7-4668-BE54-9A1E7A4F7556}") = "Rubjerg.Graphviz.Test", "Rubjerg.Graphviz.Test\Rubjerg.Graphviz.Test.csproj", "{3E7CBBC1-A6AE-42A9-950C-54433B6F0E7C}"
EndProject
Project("{9A19103F-16F7-4668-BE54-9A1E7A4F7556}") = "Rubjerg.Graphviz.NugetTest", "Rubjerg.Graphviz.NugetTest\Rubjerg.Graphviz.NugetTest.csproj", "{8AF7A4E8-17D2-43E8-91FA-8EF1E4D75F0E}"
EndProject
Project("{2150E333-8FDC-42A3-9474-1A3956D46DE8}") = "Solution Items", "Solution Items", "{AD0D286A-6205-449D-AF8A-E9CA8066F6E0}"
	ProjectSection(SolutionItems) = preProject
		.editorconfig = .editorconfig
	EndProjectSection
EndProject
Project("{9A19103F-16F7-4668-BE54-9A1E7A4F7556}") = "Rubjerg.Graphviz.TransitiveNugetTest", "Rubjerg.Graphviz.TransitiveNugetTest\Rubjerg.Graphviz.TransitiveNugetTest.csproj", "{700F7942-B740-4F9A-949E-238FA3944D59}"
EndProject
Project("{9A19103F-16F7-4668-BE54-9A1E7A4F7556}") = "Rubjerg.Graphviz.TransitiveTest", "Rubjerg.Graphviz.TransitiveTest\Rubjerg.Graphviz.TransitiveTest.csproj", "{FAB37EA6-101F-4B84-816F-7A98D571BAE7}"
EndProject
Project("{8BC9CEB8-8B4A-11D0-8D11-00A0C91BC942}") = "GraphvizWrapperLinux", "GraphvizWrapperLinux\GraphvizWrapperLinux.vcxproj", "{B85A5598-19AD-4A37-A29D-B9B163CA243A}"
EndProject
Project("{9A19103F-16F7-4668-BE54-9A1E7A4F7556}") = "Rubjerg.Graphviz.Test.Linux", "Rubjerg.Graphviz.Test.Linux\Rubjerg.Graphviz.Test.Linux.csproj", "{5A5CCD92-76A4-4626-ADEB-04FE26F69C26}"
EndProject
Global
	GlobalSection(SolutionConfigurationPlatforms) = preSolution
		Debug|Any CPU = Debug|Any CPU
		Debug|ARM = Debug|ARM
		Debug|ARM64 = Debug|ARM64
		Debug|x64 = Debug|x64
		Debug|x86 = Debug|x86
		Release|Any CPU = Release|Any CPU
		Release|ARM = Release|ARM
		Release|ARM64 = Release|ARM64
		Release|x64 = Release|x64
		Release|x86 = Release|x86
	EndGlobalSection
	GlobalSection(ProjectConfigurationPlatforms) = postSolution
		{66D83B79-08D5-4590-90E3-8F6CDF108D5E}.Debug|Any CPU.ActiveCfg = Debug|x64
		{66D83B79-08D5-4590-90E3-8F6CDF108D5E}.Debug|Any CPU.Build.0 = Debug|x64
		{66D83B79-08D5-4590-90E3-8F6CDF108D5E}.Debug|ARM.ActiveCfg = Debug|x64
		{66D83B79-08D5-4590-90E3-8F6CDF108D5E}.Debug|ARM.Build.0 = Debug|x64
		{66D83B79-08D5-4590-90E3-8F6CDF108D5E}.Debug|ARM64.ActiveCfg = Debug|x64
		{66D83B79-08D5-4590-90E3-8F6CDF108D5E}.Debug|ARM64.Build.0 = Debug|x64
		{66D83B79-08D5-4590-90E3-8F6CDF108D5E}.Debug|x64.ActiveCfg = Debug|x64
		{66D83B79-08D5-4590-90E3-8F6CDF108D5E}.Debug|x64.Build.0 = Debug|x64
		{66D83B79-08D5-4590-90E3-8F6CDF108D5E}.Debug|x86.ActiveCfg = Debug|x64
		{66D83B79-08D5-4590-90E3-8F6CDF108D5E}.Debug|x86.Build.0 = Debug|x64
		{66D83B79-08D5-4590-90E3-8F6CDF108D5E}.Release|Any CPU.ActiveCfg = Release|x64
		{66D83B79-08D5-4590-90E3-8F6CDF108D5E}.Release|Any CPU.Build.0 = Release|x64
		{66D83B79-08D5-4590-90E3-8F6CDF108D5E}.Release|ARM.ActiveCfg = Release|x64
		{66D83B79-08D5-4590-90E3-8F6CDF108D5E}.Release|ARM.Build.0 = Release|x64
		{66D83B79-08D5-4590-90E3-8F6CDF108D5E}.Release|ARM64.ActiveCfg = Release|x64
		{66D83B79-08D5-4590-90E3-8F6CDF108D5E}.Release|ARM64.Build.0 = Release|x64
		{66D83B79-08D5-4590-90E3-8F6CDF108D5E}.Release|x64.ActiveCfg = Release|x64
		{66D83B79-08D5-4590-90E3-8F6CDF108D5E}.Release|x64.Build.0 = Release|x64
		{66D83B79-08D5-4590-90E3-8F6CDF108D5E}.Release|x86.ActiveCfg = Release|x64
		{66D83B79-08D5-4590-90E3-8F6CDF108D5E}.Release|x86.Build.0 = Release|x64
		{F9BC5523-352D-469F-8DBB-97ECA9D70648}.Debug|Any CPU.ActiveCfg = Debug|x64
		{F9BC5523-352D-469F-8DBB-97ECA9D70648}.Debug|Any CPU.Build.0 = Debug|x64
		{F9BC5523-352D-469F-8DBB-97ECA9D70648}.Debug|ARM.ActiveCfg = Debug|x64
		{F9BC5523-352D-469F-8DBB-97ECA9D70648}.Debug|ARM.Build.0 = Debug|x64
		{F9BC5523-352D-469F-8DBB-97ECA9D70648}.Debug|ARM64.ActiveCfg = Debug|x64
		{F9BC5523-352D-469F-8DBB-97ECA9D70648}.Debug|ARM64.Build.0 = Debug|x64
		{F9BC5523-352D-469F-8DBB-97ECA9D70648}.Debug|x64.ActiveCfg = Debug|x64
		{F9BC5523-352D-469F-8DBB-97ECA9D70648}.Debug|x64.Build.0 = Debug|x64
		{F9BC5523-352D-469F-8DBB-97ECA9D70648}.Debug|x86.ActiveCfg = Debug|x64
		{F9BC5523-352D-469F-8DBB-97ECA9D70648}.Debug|x86.Build.0 = Debug|x64
		{F9BC5523-352D-469F-8DBB-97ECA9D70648}.Release|Any CPU.ActiveCfg = Release|x64
		{F9BC5523-352D-469F-8DBB-97ECA9D70648}.Release|Any CPU.Build.0 = Release|x64
		{F9BC5523-352D-469F-8DBB-97ECA9D70648}.Release|ARM.ActiveCfg = Release|x64
		{F9BC5523-352D-469F-8DBB-97ECA9D70648}.Release|ARM.Build.0 = Release|x64
		{F9BC5523-352D-469F-8DBB-97ECA9D70648}.Release|ARM64.ActiveCfg = Release|x64
		{F9BC5523-352D-469F-8DBB-97ECA9D70648}.Release|ARM64.Build.0 = Release|x64
		{F9BC5523-352D-469F-8DBB-97ECA9D70648}.Release|x64.ActiveCfg = Release|x64
		{F9BC5523-352D-469F-8DBB-97ECA9D70648}.Release|x64.Build.0 = Release|x64
		{F9BC5523-352D-469F-8DBB-97ECA9D70648}.Release|x86.ActiveCfg = Release|x64
		{F9BC5523-352D-469F-8DBB-97ECA9D70648}.Release|x86.Build.0 = Release|x64
		{3E7CBBC1-A6AE-42A9-950C-54433B6F0E7C}.Debug|Any CPU.ActiveCfg = Debug|x64
		{3E7CBBC1-A6AE-42A9-950C-54433B6F0E7C}.Debug|Any CPU.Build.0 = Debug|x64
		{3E7CBBC1-A6AE-42A9-950C-54433B6F0E7C}.Debug|ARM.ActiveCfg = Debug|x64
		{3E7CBBC1-A6AE-42A9-950C-54433B6F0E7C}.Debug|ARM.Build.0 = Debug|x64
		{3E7CBBC1-A6AE-42A9-950C-54433B6F0E7C}.Debug|ARM64.ActiveCfg = Debug|x64
		{3E7CBBC1-A6AE-42A9-950C-54433B6F0E7C}.Debug|ARM64.Build.0 = Debug|x64
		{3E7CBBC1-A6AE-42A9-950C-54433B6F0E7C}.Debug|x64.ActiveCfg = Debug|x64
		{3E7CBBC1-A6AE-42A9-950C-54433B6F0E7C}.Debug|x64.Build.0 = Debug|x64
		{3E7CBBC1-A6AE-42A9-950C-54433B6F0E7C}.Debug|x86.ActiveCfg = Debug|x64
		{3E7CBBC1-A6AE-42A9-950C-54433B6F0E7C}.Debug|x86.Build.0 = Debug|x64
		{3E7CBBC1-A6AE-42A9-950C-54433B6F0E7C}.Release|Any CPU.ActiveCfg = Release|x64
		{3E7CBBC1-A6AE-42A9-950C-54433B6F0E7C}.Release|Any CPU.Build.0 = Release|x64
		{3E7CBBC1-A6AE-42A9-950C-54433B6F0E7C}.Release|ARM.ActiveCfg = Release|x64
		{3E7CBBC1-A6AE-42A9-950C-54433B6F0E7C}.Release|ARM.Build.0 = Release|x64
		{3E7CBBC1-A6AE-42A9-950C-54433B6F0E7C}.Release|ARM64.ActiveCfg = Release|x64
		{3E7CBBC1-A6AE-42A9-950C-54433B6F0E7C}.Release|ARM64.Build.0 = Release|x64
		{3E7CBBC1-A6AE-42A9-950C-54433B6F0E7C}.Release|x64.ActiveCfg = Release|x64
		{3E7CBBC1-A6AE-42A9-950C-54433B6F0E7C}.Release|x64.Build.0 = Release|x64
		{3E7CBBC1-A6AE-42A9-950C-54433B6F0E7C}.Release|x86.ActiveCfg = Release|x64
		{3E7CBBC1-A6AE-42A9-950C-54433B6F0E7C}.Release|x86.Build.0 = Release|x64
		{8AF7A4E8-17D2-43E8-91FA-8EF1E4D75F0E}.Debug|Any CPU.ActiveCfg = Debug|x64
		{8AF7A4E8-17D2-43E8-91FA-8EF1E4D75F0E}.Debug|Any CPU.Build.0 = Debug|x64
		{8AF7A4E8-17D2-43E8-91FA-8EF1E4D75F0E}.Debug|ARM.ActiveCfg = Debug|x64
		{8AF7A4E8-17D2-43E8-91FA-8EF1E4D75F0E}.Debug|ARM.Build.0 = Debug|x64
		{8AF7A4E8-17D2-43E8-91FA-8EF1E4D75F0E}.Debug|ARM64.ActiveCfg = Debug|x64
		{8AF7A4E8-17D2-43E8-91FA-8EF1E4D75F0E}.Debug|ARM64.Build.0 = Debug|x64
		{8AF7A4E8-17D2-43E8-91FA-8EF1E4D75F0E}.Debug|x64.ActiveCfg = Debug|x64
		{8AF7A4E8-17D2-43E8-91FA-8EF1E4D75F0E}.Debug|x64.Build.0 = Debug|x64
		{8AF7A4E8-17D2-43E8-91FA-8EF1E4D75F0E}.Debug|x86.ActiveCfg = Debug|x64
		{8AF7A4E8-17D2-43E8-91FA-8EF1E4D75F0E}.Debug|x86.Build.0 = Debug|x64
		{8AF7A4E8-17D2-43E8-91FA-8EF1E4D75F0E}.Release|Any CPU.ActiveCfg = Release|x64
		{8AF7A4E8-17D2-43E8-91FA-8EF1E4D75F0E}.Release|Any CPU.Build.0 = Release|x64
		{8AF7A4E8-17D2-43E8-91FA-8EF1E4D75F0E}.Release|ARM.ActiveCfg = Release|x64
		{8AF7A4E8-17D2-43E8-91FA-8EF1E4D75F0E}.Release|ARM.Build.0 = Release|x64
		{8AF7A4E8-17D2-43E8-91FA-8EF1E4D75F0E}.Release|ARM64.ActiveCfg = Release|x64
		{8AF7A4E8-17D2-43E8-91FA-8EF1E4D75F0E}.Release|ARM64.Build.0 = Release|x64
		{8AF7A4E8-17D2-43E8-91FA-8EF1E4D75F0E}.Release|x64.ActiveCfg = Release|x64
		{8AF7A4E8-17D2-43E8-91FA-8EF1E4D75F0E}.Release|x64.Build.0 = Release|x64
		{8AF7A4E8-17D2-43E8-91FA-8EF1E4D75F0E}.Release|x86.ActiveCfg = Release|x64
		{8AF7A4E8-17D2-43E8-91FA-8EF1E4D75F0E}.Release|x86.Build.0 = Release|x64
		{700F7942-B740-4F9A-949E-238FA3944D59}.Debug|Any CPU.ActiveCfg = Debug|x64
		{700F7942-B740-4F9A-949E-238FA3944D59}.Debug|Any CPU.Build.0 = Debug|x64
		{700F7942-B740-4F9A-949E-238FA3944D59}.Debug|ARM.ActiveCfg = Debug|x64
		{700F7942-B740-4F9A-949E-238FA3944D59}.Debug|ARM.Build.0 = Debug|x64
		{700F7942-B740-4F9A-949E-238FA3944D59}.Debug|ARM64.ActiveCfg = Debug|x64
		{700F7942-B740-4F9A-949E-238FA3944D59}.Debug|ARM64.Build.0 = Debug|x64
		{700F7942-B740-4F9A-949E-238FA3944D59}.Debug|x64.ActiveCfg = Debug|x64
		{700F7942-B740-4F9A-949E-238FA3944D59}.Debug|x64.Build.0 = Debug|x64
		{700F7942-B740-4F9A-949E-238FA3944D59}.Debug|x86.ActiveCfg = Debug|x64
		{700F7942-B740-4F9A-949E-238FA3944D59}.Debug|x86.Build.0 = Debug|x64
		{700F7942-B740-4F9A-949E-238FA3944D59}.Release|Any CPU.ActiveCfg = Release|x64
		{700F7942-B740-4F9A-949E-238FA3944D59}.Release|Any CPU.Build.0 = Release|x64
		{700F7942-B740-4F9A-949E-238FA3944D59}.Release|ARM.ActiveCfg = Release|x64
		{700F7942-B740-4F9A-949E-238FA3944D59}.Release|ARM.Build.0 = Release|x64
		{700F7942-B740-4F9A-949E-238FA3944D59}.Release|ARM64.ActiveCfg = Release|x64
		{700F7942-B740-4F9A-949E-238FA3944D59}.Release|ARM64.Build.0 = Release|x64
		{700F7942-B740-4F9A-949E-238FA3944D59}.Release|x64.ActiveCfg = Release|x64
		{700F7942-B740-4F9A-949E-238FA3944D59}.Release|x64.Build.0 = Release|x64
		{700F7942-B740-4F9A-949E-238FA3944D59}.Release|x86.ActiveCfg = Release|x64
		{700F7942-B740-4F9A-949E-238FA3944D59}.Release|x86.Build.0 = Release|x64
		{FAB37EA6-101F-4B84-816F-7A98D571BAE7}.Debug|Any CPU.ActiveCfg = Debug|x64
		{FAB37EA6-101F-4B84-816F-7A98D571BAE7}.Debug|Any CPU.Build.0 = Debug|x64
		{FAB37EA6-101F-4B84-816F-7A98D571BAE7}.Debug|ARM.ActiveCfg = Debug|x64
		{FAB37EA6-101F-4B84-816F-7A98D571BAE7}.Debug|ARM.Build.0 = Debug|x64
		{FAB37EA6-101F-4B84-816F-7A98D571BAE7}.Debug|ARM64.ActiveCfg = Debug|x64
		{FAB37EA6-101F-4B84-816F-7A98D571BAE7}.Debug|ARM64.Build.0 = Debug|x64
		{FAB37EA6-101F-4B84-816F-7A98D571BAE7}.Debug|x64.ActiveCfg = Debug|x64
		{FAB37EA6-101F-4B84-816F-7A98D571BAE7}.Debug|x64.Build.0 = Debug|x64
		{FAB37EA6-101F-4B84-816F-7A98D571BAE7}.Debug|x86.ActiveCfg = Debug|x64
		{FAB37EA6-101F-4B84-816F-7A98D571BAE7}.Debug|x86.Build.0 = Debug|x64
		{FAB37EA6-101F-4B84-816F-7A98D571BAE7}.Release|Any CPU.ActiveCfg = Release|x64
		{FAB37EA6-101F-4B84-816F-7A98D571BAE7}.Release|Any CPU.Build.0 = Release|x64
		{FAB37EA6-101F-4B84-816F-7A98D571BAE7}.Release|ARM.ActiveCfg = Release|x64
		{FAB37EA6-101F-4B84-816F-7A98D571BAE7}.Release|ARM.Build.0 = Release|x64
		{FAB37EA6-101F-4B84-816F-7A98D571BAE7}.Release|ARM64.ActiveCfg = Release|x64
		{FAB37EA6-101F-4B84-816F-7A98D571BAE7}.Release|ARM64.Build.0 = Release|x64
		{FAB37EA6-101F-4B84-816F-7A98D571BAE7}.Release|x64.ActiveCfg = Release|x64
		{FAB37EA6-101F-4B84-816F-7A98D571BAE7}.Release|x64.Build.0 = Release|x64
		{FAB37EA6-101F-4B84-816F-7A98D571BAE7}.Release|x86.ActiveCfg = Release|x64
		{FAB37EA6-101F-4B84-816F-7A98D571BAE7}.Release|x86.Build.0 = Release|x64
		{B85A5598-19AD-4A37-A29D-B9B163CA243A}.Debug|Any CPU.ActiveCfg = Debug|x64
		{B85A5598-19AD-4A37-A29D-B9B163CA243A}.Debug|Any CPU.Build.0 = Debug|x64
		{B85A5598-19AD-4A37-A29D-B9B163CA243A}.Debug|ARM.ActiveCfg = Debug|ARM
		{B85A5598-19AD-4A37-A29D-B9B163CA243A}.Debug|ARM.Build.0 = Debug|ARM
		{B85A5598-19AD-4A37-A29D-B9B163CA243A}.Debug|ARM.Deploy.0 = Debug|ARM
		{B85A5598-19AD-4A37-A29D-B9B163CA243A}.Debug|ARM64.ActiveCfg = Debug|ARM64
		{B85A5598-19AD-4A37-A29D-B9B163CA243A}.Debug|ARM64.Build.0 = Debug|ARM64
		{B85A5598-19AD-4A37-A29D-B9B163CA243A}.Debug|ARM64.Deploy.0 = Debug|ARM64
		{B85A5598-19AD-4A37-A29D-B9B163CA243A}.Debug|x64.ActiveCfg = Debug|x64
		{B85A5598-19AD-4A37-A29D-B9B163CA243A}.Debug|x64.Build.0 = Debug|x64
		{B85A5598-19AD-4A37-A29D-B9B163CA243A}.Debug|x86.ActiveCfg = Debug|x86
		{B85A5598-19AD-4A37-A29D-B9B163CA243A}.Debug|x86.Build.0 = Debug|x86
		{B85A5598-19AD-4A37-A29D-B9B163CA243A}.Debug|x86.Deploy.0 = Debug|x86
		{B85A5598-19AD-4A37-A29D-B9B163CA243A}.Release|Any CPU.ActiveCfg = Release|x64
		{B85A5598-19AD-4A37-A29D-B9B163CA243A}.Release|Any CPU.Build.0 = Release|x64
		{B85A5598-19AD-4A37-A29D-B9B163CA243A}.Release|Any CPU.Deploy.0 = Release|x64
		{B85A5598-19AD-4A37-A29D-B9B163CA243A}.Release|ARM.ActiveCfg = Release|ARM
		{B85A5598-19AD-4A37-A29D-B9B163CA243A}.Release|ARM.Build.0 = Release|ARM
		{B85A5598-19AD-4A37-A29D-B9B163CA243A}.Release|ARM.Deploy.0 = Release|ARM
		{B85A5598-19AD-4A37-A29D-B9B163CA243A}.Release|ARM64.ActiveCfg = Release|ARM64
		{B85A5598-19AD-4A37-A29D-B9B163CA243A}.Release|ARM64.Build.0 = Release|ARM64
		{B85A5598-19AD-4A37-A29D-B9B163CA243A}.Release|ARM64.Deploy.0 = Release|ARM64
		{B85A5598-19AD-4A37-A29D-B9B163CA243A}.Release|x64.ActiveCfg = Release|x64
		{B85A5598-19AD-4A37-A29D-B9B163CA243A}.Release|x64.Build.0 = Release|x64
		{B85A5598-19AD-4A37-A29D-B9B163CA243A}.Release|x64.Deploy.0 = Release|x64
		{B85A5598-19AD-4A37-A29D-B9B163CA243A}.Release|x86.ActiveCfg = Release|x86
		{B85A5598-19AD-4A37-A29D-B9B163CA243A}.Release|x86.Build.0 = Release|x86
		{B85A5598-19AD-4A37-A29D-B9B163CA243A}.Release|x86.Deploy.0 = Release|x86
		{5A5CCD92-76A4-4626-ADEB-04FE26F69C26}.Debug|Any CPU.ActiveCfg = Debug|Any CPU
		{5A5CCD92-76A4-4626-ADEB-04FE26F69C26}.Debug|Any CPU.Build.0 = Debug|Any CPU
		{5A5CCD92-76A4-4626-ADEB-04FE26F69C26}.Debug|ARM.ActiveCfg = Debug|Any CPU
		{5A5CCD92-76A4-4626-ADEB-04FE26F69C26}.Debug|ARM.Build.0 = Debug|Any CPU
		{5A5CCD92-76A4-4626-ADEB-04FE26F69C26}.Debug|ARM64.ActiveCfg = Debug|Any CPU
		{5A5CCD92-76A4-4626-ADEB-04FE26F69C26}.Debug|ARM64.Build.0 = Debug|Any CPU
		{5A5CCD92-76A4-4626-ADEB-04FE26F69C26}.Debug|x64.ActiveCfg = Debug|Any CPU
		{5A5CCD92-76A4-4626-ADEB-04FE26F69C26}.Debug|x64.Build.0 = Debug|Any CPU
		{5A5CCD92-76A4-4626-ADEB-04FE26F69C26}.Debug|x86.ActiveCfg = Debug|Any CPU
		{5A5CCD92-76A4-4626-ADEB-04FE26F69C26}.Debug|x86.Build.0 = Debug|Any CPU
		{5A5CCD92-76A4-4626-ADEB-04FE26F69C26}.Release|Any CPU.ActiveCfg = Release|Any CPU
		{5A5CCD92-76A4-4626-ADEB-04FE26F69C26}.Release|Any CPU.Build.0 = Release|Any CPU
		{5A5CCD92-76A4-4626-ADEB-04FE26F69C26}.Release|ARM.ActiveCfg = Release|Any CPU
		{5A5CCD92-76A4-4626-ADEB-04FE26F69C26}.Release|ARM.Build.0 = Release|Any CPU
		{5A5CCD92-76A4-4626-ADEB-04FE26F69C26}.Release|ARM64.ActiveCfg = Release|Any CPU
		{5A5CCD92-76A4-4626-ADEB-04FE26F69C26}.Release|ARM64.Build.0 = Release|Any CPU
		{5A5CCD92-76A4-4626-ADEB-04FE26F69C26}.Release|x64.ActiveCfg = Release|Any CPU
		{5A5CCD92-76A4-4626-ADEB-04FE26F69C26}.Release|x64.Build.0 = Release|Any CPU
		{5A5CCD92-76A4-4626-ADEB-04FE26F69C26}.Release|x86.ActiveCfg = Release|Any CPU
		{5A5CCD92-76A4-4626-ADEB-04FE26F69C26}.Release|x86.Build.0 = Release|Any CPU
	EndGlobalSection
	GlobalSection(SolutionProperties) = preSolution
		HideSolutionNode = FALSE
	EndGlobalSection
	GlobalSection(ExtensibilityGlobals) = postSolution
		SolutionGuid = {C3E34AE1-9B7D-4D90-9007-A063FEBB8BF1}
	EndGlobalSection
EndGlobal
